
Microsoft Visual Studio Solution File, Format Version 12.00
# Visual Studio Version 17
VisualStudioVersion = 17.3.32922.545
MinimumVisualStudioVersion = 10.0.40219.1
Project("{9A19103F-16F7-4668-BE54-9A1E7A4F7556}") = "InvestmentMaster.Core", "InvestmentMaster.Core\InvestmentMaster.Core.csproj", "{6BF6434A-C0FC-4C75-9A06-6A9506E4D074}"
EndProject
Project("{9A19103F-16F7-4668-BE54-9A1E7A4F7556}") = "InvestmentMaster.DataAccess", "InvestmentMaster.DataAccess\InvestmentMaster.DataAccess.csproj", "{36E2316C-3E0F-4833-ABDD-E9DD038A275E}"
EndProject
Project("{9A19103F-16F7-4668-BE54-9A1E7A4F7556}") = "InvestmentMaster.Entities", "InvestmentMaster.Entities\InvestmentMaster.Entities.csproj", "{321FC977-3391-4395-AF71-7652C041F2C4}"
EndProject
Project("{9A19103F-16F7-4668-BE54-9A1E7A4F7556}") = "InvestmentMaster.BL", "InvestmentMaster.BL\InvestmentMaster.BL.csproj", "{59C8D029-FC52-4B1D-AFB1-A35903616FF3}"
EndProject
Project("{9A19103F-16F7-4668-BE54-9A1E7A4F7556}") = "InvestmentMaster.BL.Tests", "InvestmentMaster.BL.Tests\InvestmentMaster.BL.Tests.csproj", "{A04CBB0B-DC74-409B-A4E3-B84C135110A9}"
EndProject
Project("{9A19103F-16F7-4668-BE54-9A1E7A4F7556}") = "InvestmentMaster.ConsoleUI", "InvestmentMaster.ConsoleUI\InvestmentMaster.ConsoleUI.csproj", "{138B1CCC-1F96-4E88-94EA-9D52D0A7EE22}"
EndProject
Project("{9A19103F-16F7-4668-BE54-9A1E7A4F7556}") = "InvestmentMaster.WPFUI", "InvestmentMaster.WPFUI\InvestmentMaster.WPFUI.csproj", "{BBA5680D-A1AE-43F5-80DB-25D362681AF8}"
EndProject
Project("{FAE04EC0-301F-11D3-BF4B-00C04F79EFBC}") = "InvestmentMaster.DataAccess.Tests", "InvestmentMaster.DataAccess.Tests\InvestmentMaster.DataAccess.Tests.csproj", "{4BF0B1B1-5998-4F74-B4D3-2F56DFBD51A4}"
EndProject
Global
	GlobalSection(SolutionConfigurationPlatforms) = preSolution
		Debug|Any CPU = Debug|Any CPU
		Release|Any CPU = Release|Any CPU
	EndGlobalSection
	GlobalSection(ProjectConfigurationPlatforms) = postSolution
		{6BF6434A-C0FC-4C75-9A06-6A9506E4D074}.Debug|Any CPU.ActiveCfg = Debug|Any CPU
		{6BF6434A-C0FC-4C75-9A06-6A9506E4D074}.Debug|Any CPU.Build.0 = Debug|Any CPU
		{6BF6434A-C0FC-4C75-9A06-6A9506E4D074}.Release|Any CPU.ActiveCfg = Release|Any CPU
		{6BF6434A-C0FC-4C75-9A06-6A9506E4D074}.Release|Any CPU.Build.0 = Release|Any CPU
		{36E2316C-3E0F-4833-ABDD-E9DD038A275E}.Debug|Any CPU.ActiveCfg = Debug|Any CPU
		{36E2316C-3E0F-4833-ABDD-E9DD038A275E}.Debug|Any CPU.Build.0 = Debug|Any CPU
		{36E2316C-3E0F-4833-ABDD-E9DD038A275E}.Release|Any CPU.ActiveCfg = Release|Any CPU
		{36E2316C-3E0F-4833-ABDD-E9DD038A275E}.Release|Any CPU.Build.0 = Release|Any CPU
		{321FC977-3391-4395-AF71-7652C041F2C4}.Debug|Any CPU.ActiveCfg = Debug|Any CPU
		{321FC977-3391-4395-AF71-7652C041F2C4}.Debug|Any CPU.Build.0 = Debug|Any CPU
		{321FC977-3391-4395-AF71-7652C041F2C4}.Release|Any CPU.ActiveCfg = Release|Any CPU
		{321FC977-3391-4395-AF71-7652C041F2C4}.Release|Any CPU.Build.0 = Release|Any CPU
		{59C8D029-FC52-4B1D-AFB1-A35903616FF3}.Debug|Any CPU.ActiveCfg = Debug|Any CPU
		{59C8D029-FC52-4B1D-AFB1-A35903616FF3}.Debug|Any CPU.Build.0 = Debug|Any CPU
		{59C8D029-FC52-4B1D-AFB1-A35903616FF3}.Release|Any CPU.ActiveCfg = Release|Any CPU
		{59C8D029-FC52-4B1D-AFB1-A35903616FF3}.Release|Any CPU.Build.0 = Release|Any CPU
		{A04CBB0B-DC74-409B-A4E3-B84C135110A9}.Debug|Any CPU.ActiveCfg = Debug|Any CPU
		{A04CBB0B-DC74-409B-A4E3-B84C135110A9}.Debug|Any CPU.Build.0 = Debug|Any CPU
		{A04CBB0B-DC74-409B-A4E3-B84C135110A9}.Release|Any CPU.ActiveCfg = Release|Any CPU
		{A04CBB0B-DC74-409B-A4E3-B84C135110A9}.Release|Any CPU.Build.0 = Release|Any CPU
		{138B1CCC-1F96-4E88-94EA-9D52D0A7EE22}.Debug|Any CPU.ActiveCfg = Debug|Any CPU
		{138B1CCC-1F96-4E88-94EA-9D52D0A7EE22}.Debug|Any CPU.Build.0 = Debug|Any CPU
		{138B1CCC-1F96-4E88-94EA-9D52D0A7EE22}.Release|Any CPU.ActiveCfg = Release|Any CPU
		{138B1CCC-1F96-4E88-94EA-9D52D0A7EE22}.Release|Any CPU.Build.0 = Release|Any CPU
		{BBA5680D-A1AE-43F5-80DB-25D362681AF8}.Debug|Any CPU.ActiveCfg = Debug|Any CPU
		{BBA5680D-A1AE-43F5-80DB-25D362681AF8}.Debug|Any CPU.Build.0 = Debug|Any CPU
		{BBA5680D-A1AE-43F5-80DB-25D362681AF8}.Release|Any CPU.ActiveCfg = Release|Any CPU
		{BBA5680D-A1AE-43F5-80DB-25D362681AF8}.Release|Any CPU.Build.0 = Release|Any CPU
		{4BF0B1B1-5998-4F74-B4D3-2F56DFBD51A4}.Debug|Any CPU.ActiveCfg = Debug|Any CPU
		{4BF0B1B1-5998-4F74-B4D3-2F56DFBD51A4}.Debug|Any CPU.Build.0 = Debug|Any CPU
		{4BF0B1B1-5998-4F74-B4D3-2F56DFBD51A4}.Release|Any CPU.ActiveCfg = Release|Any CPU
		{4BF0B1B1-5998-4F74-B4D3-2F56DFBD51A4}.Release|Any CPU.Build.0 = Release|Any CPU
	EndGlobalSection
	GlobalSection(SolutionProperties) = preSolution
		HideSolutionNode = FALSE
	EndGlobalSection
	GlobalSection(ExtensibilityGlobals) = postSolution
		SolutionGuid = {84D3EF50-B6CF-4C6D-836A-6F791CCC21DB}
	EndGlobalSection
EndGlobal
